// !$*UTF8*$!
{
	archiveVersion = 1;
	classes = {
	};
	objectVersion = 46;
	objects = {

/* Begin PBXBuildFile section */
		F85C149D1E52935000850090 /* main.m in Sources */ = {isa = PBXBuildFile; fileRef = F85C149C1E52935000850090 /* main.m */; };
		F85C14A01E52935000850090 /* AppDelegate.m in Sources */ = {isa = PBXBuildFile; fileRef = F85C149F1E52935000850090 /* AppDelegate.m */; };
		F85C14A31E52935000850090 /* TaViewController.m in Sources */ = {isa = PBXBuildFile; fileRef = F85C14A21E52935000850090 /* TaViewController.m */; };
		F85C14A61E52935000850090 /* Main.storyboard in Resources */ = {isa = PBXBuildFile; fileRef = F85C14A41E52935000850090 /* Main.storyboard */; };
		F85C14A81E52935000850090 /* Assets.xcassets in Resources */ = {isa = PBXBuildFile; fileRef = F85C14A71E52935000850090 /* Assets.xcassets */; };
		F85C14AB1E52935000850090 /* LaunchScreen.storyboard in Resources */ = {isa = PBXBuildFile; fileRef = F85C14A91E52935000850090 /* LaunchScreen.storyboard */; };
		F85C14B61E52935000850090 /* tableviewSwpTestTests.m in Sources */ = {isa = PBXBuildFile; fileRef = F85C14B51E52935000850090 /* tableviewSwpTestTests.m */; };
		F85C14C11E52935000850090 /* tableviewSwpTestUITests.m in Sources */ = {isa = PBXBuildFile; fileRef = F85C14C01E52935000850090 /* tableviewSwpTestUITests.m */; };
		F85C14CF1E52B82400850090 /* 1.jpg in Resources */ = {isa = PBXBuildFile; fileRef = F85C14CE1E52B82400850090 /* 1.jpg */; };
		F8FE98DE1E53DEFF00FFC554 /* TableViewCell.m in Sources */ = {isa = PBXBuildFile; fileRef = F8FE98DC1E53DEFF00FFC554 /* TableViewCell.m */; };
		F8FE98DF1E53DEFF00FFC554 /* TableViewCell.xib in Resources */ = {isa = PBXBuildFile; fileRef = F8FE98DD1E53DEFF00FFC554 /* TableViewCell.xib */; };
		F8FE98E21E53F15A00FFC554 /* ViewController.m in Sources */ = {isa = PBXBuildFile; fileRef = F8FE98E11E53F15A00FFC554 /* ViewController.m */; };
/* End PBXBuildFile section */

/* Begin PBXContainerItemProxy section */
		F85C14B21E52935000850090 /* PBXContainerItemProxy */ = {
			isa = PBXContainerItemProxy;
			containerPortal = F85C14901E52934F00850090 /* Project object */;
			proxyType = 1;
			remoteGlobalIDString = F85C14971E52934F00850090;
			remoteInfo = tableviewSwpTest;
		};
		F85C14BD1E52935000850090 /* PBXContainerItemProxy */ = {
			isa = PBXContainerItemProxy;
			containerPortal = F85C14901E52934F00850090 /* Project object */;
			proxyType = 1;
			remoteGlobalIDString = F85C14971E52934F00850090;
			remoteInfo = tableviewSwpTest;
		};
/* End PBXContainerItemProxy section */

/* Begin PBXFileReference section */
		F85C14981E52934F00850090 /* tableviewSwpTest.app */ = {isa = PBXFileReference; explicitFileType = wrapper.application; includeInIndex = 0; path = tableviewSwpTest.app; sourceTree = BUILT_PRODUCTS_DIR; };
		F85C149C1E52935000850090 /* main.m */ = {isa = PBXFileReference; lastKnownFileType = sourcecode.c.objc; path = main.m; sourceTree = "<group>"; };
		F85C149E1E52935000850090 /* AppDelegate.h */ = {isa = PBXFileReference; lastKnownFileType = sourcecode.c.h; path = AppDelegate.h; sourceTree = "<group>"; };
		F85C149F1E52935000850090 /* AppDelegate.m */ = {isa = PBXFileReference; lastKnownFileType = sourcecode.c.objc; path = AppDelegate.m; sourceTree = "<group>"; };
		F85C14A11E52935000850090 /* TaViewController.h */ = {isa = PBXFileReference; lastKnownFileType = sourcecode.c.h; path = TaViewController.h; sourceTree = "<group>"; };
		F85C14A21E52935000850090 /* TaViewController.m */ = {isa = PBXFileReference; lastKnownFileType = sourcecode.c.objc; path = TaViewController.m; sourceTree = "<group>"; };
		F85C14A51E52935000850090 /* Base */ = {isa = PBXFileReference; lastKnownFileType = file.storyboard; name = Base; path = Base.lproj/Main.storyboard; sourceTree = "<group>"; };
		F85C14A71E52935000850090 /* Assets.xcassets */ = {isa = PBXFileReference; lastKnownFileType = folder.assetcatalog; path = Assets.xcassets; sourceTree = "<group>"; };
		F85C14AA1E52935000850090 /* Base */ = {isa = PBXFileReference; lastKnownFileType = file.storyboard; name = Base; path = Base.lproj/LaunchScreen.storyboard; sourceTree = "<group>"; };
		F85C14AC1E52935000850090 /* Info.plist */ = {isa = PBXFileReference; lastKnownFileType = text.plist.xml; path = Info.plist; sourceTree = "<group>"; };
		F85C14B11E52935000850090 /* tableviewSwpTestTests.xctest */ = {isa = PBXFileReference; explicitFileType = wrapper.cfbundle; includeInIndex = 0; path = tableviewSwpTestTests.xctest; sourceTree = BUILT_PRODUCTS_DIR; };
		F85C14B51E52935000850090 /* tableviewSwpTestTests.m */ = {isa = PBXFileReference; lastKnownFileType = sourcecode.c.objc; path = tableviewSwpTestTests.m; sourceTree = "<group>"; };
		F85C14B71E52935000850090 /* Info.plist */ = {isa = PBXFileReference; lastKnownFileType = text.plist.xml; path = Info.plist; sourceTree = "<group>"; };
		F85C14BC1E52935000850090 /* tableviewSwpTestUITests.xctest */ = {isa = PBXFileReference; explicitFileType = wrapper.cfbundle; includeInIndex = 0; path = tableviewSwpTestUITests.xctest; sourceTree = BUILT_PRODUCTS_DIR; };
		F85C14C01E52935000850090 /* tableviewSwpTestUITests.m */ = {isa = PBXFileReference; lastKnownFileType = sourcecode.c.objc; path = tableviewSwpTestUITests.m; sourceTree = "<group>"; };
		F85C14C21E52935000850090 /* Info.plist */ = {isa = PBXFileReference; lastKnownFileType = text.plist.xml; path = Info.plist; sourceTree = "<group>"; };
		F85C14CE1E52B82400850090 /* 1.jpg */ = {isa = PBXFileReference; lastKnownFileType = image.jpeg; path = 1.jpg; sourceTree = "<group>"; };
		F8FE98DB1E53DEFF00FFC554 /* TableViewCell.h */ = {isa = PBXFileReference; fileEncoding = 4; lastKnownFileType = sourcecode.c.h; name = TableViewCell.h; path = ../TableViewCell.h; sourceTree = "<group>"; };
		F8FE98DC1E53DEFF00FFC554 /* TableViewCell.m */ = {isa = PBXFileReference; fileEncoding = 4; lastKnownFileType = sourcecode.c.objc; name = TableViewCell.m; path = ../TableViewCell.m; sourceTree = "<group>"; };
		F8FE98DD1E53DEFF00FFC554 /* TableViewCell.xib */ = {isa = PBXFileReference; fileEncoding = 4; lastKnownFileType = file.xib; name = TableViewCell.xib; path = ../TableViewCell.xib; sourceTree = "<group>"; };
		F8FE98E01E53F15A00FFC554 /* ViewController.h */ = {isa = PBXFileReference; fileEncoding = 4; lastKnownFileType = sourcecode.c.h; path = ViewController.h; sourceTree = "<group>"; };
		F8FE98E11E53F15A00FFC554 /* ViewController.m */ = {isa = PBXFileReference; fileEncoding = 4; lastKnownFileType = sourcecode.c.objc; path = ViewController.m; sourceTree = "<group>"; };
/* End PBXFileReference section */

/* Begin PBXFrameworksBuildPhase section */
		F85C14951E52934F00850090 /* Frameworks */ = {
			isa = PBXFrameworksBuildPhase;
			buildActionMask = 2147483647;
			files = (
			);
			runOnlyForDeploymentPostprocessing = 0;
		};
		F85C14AE1E52935000850090 /* Frameworks */ = {
			isa = PBXFrameworksBuildPhase;
			buildActionMask = 2147483647;
			files = (
			);
			runOnlyForDeploymentPostprocessing = 0;
		};
		F85C14B91E52935000850090 /* Frameworks */ = {
			isa = PBXFrameworksBuildPhase;
			buildActionMask = 2147483647;
			files = (
			);
			runOnlyForDeploymentPostprocessing = 0;
		};
/* End PBXFrameworksBuildPhase section */

/* Begin PBXGroup section */
		F85C148F1E52934F00850090 = {
			isa = PBXGroup;
			children = (
				F85C149A1E52934F00850090 /* tableviewSwpTest */,
				F85C14B41E52935000850090 /* tableviewSwpTestTests */,
				F85C14BF1E52935000850090 /* tableviewSwpTestUITests */,
				F85C14991E52934F00850090 /* Products */,
			);
			sourceTree = "<group>";
		};
		F85C14991E52934F00850090 /* Products */ = {
			isa = PBXGroup;
			children = (
				F85C14981E52934F00850090 /* tableviewSwpTest.app */,
				F85C14B11E52935000850090 /* tableviewSwpTestTests.xctest */,
				F85C14BC1E52935000850090 /* tableviewSwpTestUITests.xctest */,
			);
			name = Products;
			sourceTree = "<group>";
		};
		F85C149A1E52934F00850090 /* tableviewSwpTest */ = {
			isa = PBXGroup;
			children = (
				F85C149E1E52935000850090 /* AppDelegate.h */,
				F85C149F1E52935000850090 /* AppDelegate.m */,
				F8FE98E01E53F15A00FFC554 /* ViewController.h */,
				F8FE98E11E53F15A00FFC554 /* ViewController.m */,
				F85C14A11E52935000850090 /* TaViewController.h */,
				F85C14A21E52935000850090 /* TaViewController.m */,
				F8FE98DB1E53DEFF00FFC554 /* TableViewCell.h */,
				F8FE98DC1E53DEFF00FFC554 /* TableViewCell.m */,
				F8FE98DD1E53DEFF00FFC554 /* TableViewCell.xib */,
				F85C14CE1E52B82400850090 /* 1.jpg */,
				F85C14A41E52935000850090 /* Main.storyboard */,
				F85C14A71E52935000850090 /* Assets.xcassets */,
				F85C14A91E52935000850090 /* LaunchScreen.storyboard */,
				F85C14AC1E52935000850090 /* Info.plist */,
				F85C149B1E52935000850090 /* Supporting Files */,
			);
			path = tableviewSwpTest;
			sourceTree = "<group>";
		};
		F85C149B1E52935000850090 /* Supporting Files */ = {
			isa = PBXGroup;
			children = (
				F85C149C1E52935000850090 /* main.m */,
			);
			name = "Supporting Files";
			sourceTree = "<group>";
		};
		F85C14B41E52935000850090 /* tableviewSwpTestTests */ = {
			isa = PBXGroup;
			children = (
				F85C14B51E52935000850090 /* tableviewSwpTestTests.m */,
				F85C14B71E52935000850090 /* Info.plist */,
			);
			path = tableviewSwpTestTests;
			sourceTree = "<group>";
		};
		F85C14BF1E52935000850090 /* tableviewSwpTestUITests */ = {
			isa = PBXGroup;
			children = (
				F85C14C01E52935000850090 /* tableviewSwpTestUITests.m */,
				F85C14C21E52935000850090 /* Info.plist */,
			);
			path = tableviewSwpTestUITests;
			sourceTree = "<group>";
		};
/* End PBXGroup section */

/* Begin PBXNativeTarget section */
		F85C14971E52934F00850090 /* tableviewSwpTest */ = {
			isa = PBXNativeTarget;
			buildConfigurationList = F85C14C51E52935000850090 /* Build configuration list for PBXNativeTarget "tableviewSwpTest" */;
			buildPhases = (
				F85C14941E52934F00850090 /* Sources */,
				F85C14951E52934F00850090 /* Frameworks */,
				F85C14961E52934F00850090 /* Resources */,
			);
			buildRules = (
			);
			dependencies = (
			);
			name = tableviewSwpTest;
			productName = tableviewSwpTest;
			productReference = F85C14981E52934F00850090 /* tableviewSwpTest.app */;
			productType = "com.apple.product-type.application";
		};
		F85C14B01E52935000850090 /* tableviewSwpTestTests */ = {
			isa = PBXNativeTarget;
			buildConfigurationList = F85C14C81E52935000850090 /* Build configuration list for PBXNativeTarget "tableviewSwpTestTests" */;
			buildPhases = (
				F85C14AD1E52935000850090 /* Sources */,
				F85C14AE1E52935000850090 /* Frameworks */,
				F85C14AF1E52935000850090 /* Resources */,
			);
			buildRules = (
			);
			dependencies = (
				F85C14B31E52935000850090 /* PBXTargetDependency */,
			);
			name = tableviewSwpTestTests;
			productName = tableviewSwpTestTests;
			productReference = F85C14B11E52935000850090 /* tableviewSwpTestTests.xctest */;
			productType = "com.apple.product-type.bundle.unit-test";
		};
		F85C14BB1E52935000850090 /* tableviewSwpTestUITests */ = {
			isa = PBXNativeTarget;
			buildConfigurationList = F85C14CB1E52935000850090 /* Build configuration list for PBXNativeTarget "tableviewSwpTestUITests" */;
			buildPhases = (
				F85C14B81E52935000850090 /* Sources */,
				F85C14B91E52935000850090 /* Frameworks */,
				F85C14BA1E52935000850090 /* Resources */,
			);
			buildRules = (
			);
			dependencies = (
				F85C14BE1E52935000850090 /* PBXTargetDependency */,
			);
			name = tableviewSwpTestUITests;
			productName = tableviewSwpTestUITests;
			productReference = F85C14BC1E52935000850090 /* tableviewSwpTestUITests.xctest */;
			productType = "com.apple.product-type.bundle.ui-testing";
		};
/* End PBXNativeTarget section */

/* Begin PBXProject section */
		F85C14901E52934F00850090 /* Project object */ = {
			isa = PBXProject;
			attributes = {
				LastUpgradeCheck = 0820;
				ORGANIZATIONNAME = webapps;
				TargetAttributes = {
					F85C14971E52934F00850090 = {
						CreatedOnToolsVersion = 8.2.1;
						DevelopmentTeam = WB4UU8P335;
						ProvisioningStyle = Automatic;
					};
					F85C14B01E52935000850090 = {
						CreatedOnToolsVersion = 8.2.1;
						DevelopmentTeam = WB4UU8P335;
						ProvisioningStyle = Automatic;
						TestTargetID = F85C14971E52934F00850090;
					};
					F85C14BB1E52935000850090 = {
						CreatedOnToolsVersion = 8.2.1;
						DevelopmentTeam = WB4UU8P335;
						ProvisioningStyle = Automatic;
						TestTargetID = F85C14971E52934F00850090;
					};
				};
			};
			buildConfigurationList = F85C14931E52934F00850090 /* Build configuration list for PBXProject "tableviewSwpTest" */;
			compatibilityVersion = "Xcode 3.2";
			developmentRegion = English;
			hasScannedForEncodings = 0;
			knownRegions = (
				en,
				Base,
			);
			mainGroup = F85C148F1E52934F00850090;
			productRefGroup = F85C14991E52934F00850090 /* Products */;
			projectDirPath = "";
			projectRoot = "";
			targets = (
				F85C14971E52934F00850090 /* tableviewSwpTest */,
				F85C14B01E52935000850090 /* tableviewSwpTestTests */,
				F85C14BB1E52935000850090 /* tableviewSwpTestUITests */,
			);
		};
/* End PBXProject section */

/* Begin PBXResourcesBuildPhase section */
		F85C14961E52934F00850090 /* Resources */ = {
			isa = PBXResourcesBuildPhase;
			buildActionMask = 2147483647;
			files = (
				F85C14AB1E52935000850090 /* LaunchScreen.storyboard in Resources */,
				F8FE98DF1E53DEFF00FFC554 /* TableViewCell.xib in Resources */,
				F85C14CF1E52B82400850090 /* 1.jpg in Resources */,
				F85C14A81E52935000850090 /* Assets.xcassets in Resources */,
				F85C14A61E52935000850090 /* Main.storyboard in Resources */,
			);
			runOnlyForDeploymentPostprocessing = 0;
		};
		F85C14AF1E52935000850090 /* Resources */ = {
			isa = PBXResourcesBuildPhase;
			buildActionMask = 2147483647;
			files = (
			);
			runOnlyForDeploymentPostprocessing = 0;
		};
		F85C14BA1E52935000850090 /* Resources */ = {
			isa = PBXResourcesBuildPhase;
			buildActionMask = 2147483647;
			files = (
			);
			runOnlyForDeploymentPostprocessing = 0;
		};
/* End PBXResourcesBuildPhase section */

/* Begin PBXSourcesBuildPhase section */
		F85C14941E52934F00850090 /* Sources */ = {
			isa = PBXSourcesBuildPhase;
			buildActionMask = 2147483647;
			files = (
				F85C14A31E52935000850090 /* TaViewController.m in Sources */,
				F8FE98DE1E53DEFF00FFC554 /* TableViewCell.m in Sources */,
				F85C14A01E52935000850090 /* AppDelegate.m in Sources */,
				F85C149D1E52935000850090 /* main.m in Sources */,
				F8FE98E21E53F15A00FFC554 /* ViewController.m in Sources */,
			);
			runOnlyForDeploymentPostprocessing = 0;
		};
		F85C14AD1E52935000850090 /* Sources */ = {
			isa = PBXSourcesBuildPhase;
			buildActionMask = 2147483647;
			files = (
				F85C14B61E52935000850090 /* tableviewSwpTestTests.m in Sources */,
			);
			runOnlyForDeploymentPostprocessing = 0;
		};
		F85C14B81E52935000850090 /* Sources */ = {
			isa = PBXSourcesBuildPhase;
			buildActionMask = 2147483647;
			files = (
				F85C14C11E52935000850090 /* tableviewSwpTestUITests.m in Sources */,
			);
			runOnlyForDeploymentPostprocessing = 0;
		};
/* End PBXSourcesBuildPhase section */

/* Begin PBXTargetDependency section */
		F85C14B31E52935000850090 /* PBXTargetDependency */ = {
			isa = PBXTargetDependency;
			target = F85C14971E52934F00850090 /* tableviewSwpTest */;
			targetProxy = F85C14B21E52935000850090 /* PBXContainerItemProxy */;
		};
		F85C14BE1E52935000850090 /* PBXTargetDependency */ = {
			isa = PBXTargetDependency;
			target = F85C14971E52934F00850090 /* tableviewSwpTest */;
			targetProxy = F85C14BD1E52935000850090 /* PBXContainerItemProxy */;
		};
/* End PBXTargetDependency section */

/* Begin PBXVariantGroup section */
		F85C14A41E52935000850090 /* Main.storyboard */ = {
			isa = PBXVariantGroup;
			children = (
				F85C14A51E52935000850090 /* Base */,
			);
			name = Main.storyboard;
			sourceTree = "<group>";
		};
		F85C14A91E52935000850090 /* LaunchScreen.storyboard */ = {
			isa = PBXVariantGroup;
			children = (
				F85C14AA1E52935000850090 /* Base */,
			);
			name = LaunchScreen.storyboard;
			sourceTree = "<group>";
		};
/* End PBXVariantGroup section */

/* Begin XCBuildConfiguration section */
		F85C14C31E52935000850090 /* Debug */ = {
			isa = XCBuildConfiguration;
			buildSettings = {
				ALWAYS_SEARCH_USER_PATHS = NO;
				CLANG_ANALYZER_NONNULL = YES;
				CLANG_CXX_LANGUAGE_STANDARD = "gnu++0x";
				CLANG_CXX_LIBRARY = "libc++";
				CLANG_ENABLE_MODULES = YES;
				CLANG_ENABLE_OBJC_ARC = YES;
				CLANG_WARN_BOOL_CONVERSION = YES;
				CLANG_WARN_CONSTANT_CONVERSION = YES;
				CLANG_WARN_DIRECT_OBJC_ISA_USAGE = YES_ERROR;
				CLANG_WARN_DOCUMENTATION_COMMENTS = YES;
				CLANG_WARN_EMPTY_BODY = YES;
				CLANG_WARN_ENUM_CONVERSION = YES;
				CLANG_WARN_INFINITE_RECURSION = YES;
				CLANG_WARN_INT_CONVERSION = YES;
				CLANG_WARN_OBJC_ROOT_CLASS = YES_ERROR;
				CLANG_WARN_SUSPICIOUS_MOVE = YES;
				CLANG_WARN_UNREACHABLE_CODE = YES;
				CLANG_WARN__DUPLICATE_METHOD_MATCH = YES;
				"CODE_SIGN_IDENTITY[sdk=iphoneos*]" = "iPhone Developer";
				COPY_PHASE_STRIP = NO;
				DEBUG_INFORMATION_FORMAT = dwarf;
				ENABLE_STRICT_OBJC_MSGSEND = YES;
				ENABLE_TESTABILITY = YES;
				GCC_C_LANGUAGE_STANDARD = gnu99;
				GCC_DYNAMIC_NO_PIC = NO;
				GCC_NO_COMMON_BLOCKS = YES;
				GCC_OPTIMIZATION_LEVEL = 0;
				GCC_PREPROCESSOR_DEFINITIONS = (
					"DEBUG=1",
					"$(inherited)",
				);
				GCC_WARN_64_TO_32_BIT_CONVERSION = YES;
				GCC_WARN_ABOUT_RETURN_TYPE = YES_ERROR;
				GCC_WARN_UNDECLARED_SELECTOR = YES;
				GCC_WARN_UNINITIALIZED_AUTOS = YES_AGGRESSIVE;
				GCC_WARN_UNUSED_FUNCTION = YES;
				GCC_WARN_UNUSED_VARIABLE = YES;
				IPHONEOS_DEPLOYMENT_TARGET = 10.2;
				MTL_ENABLE_DEBUG_INFO = YES;
				ONLY_ACTIVE_ARCH = YES;
				SDKROOT = iphoneos;
				TARGETED_DEVICE_FAMILY = "1,2";
			};
			name = Debug;
		};
		F85C14C41E52935000850090 /* Release */ = {
			isa = XCBuildConfiguration;
			buildSettings = {
				ALWAYS_SEARCH_USER_PATHS = NO;
				CLANG_ANALYZER_NONNULL = YES;
				CLANG_CXX_LANGUAGE_STANDARD = "gnu++0x";
				CLANG_CXX_LIBRARY = "libc++";
				CLANG_ENABLE_MODULES = YES;
				CLANG_ENABLE_OBJC_ARC = YES;
				CLANG_WARN_BOOL_CONVERSION = YES;
				CLANG_WARN_CONSTANT_CONVERSION = YES;
				CLANG_WARN_DIRECT_OBJC_ISA_USAGE = YES_ERROR;
				CLANG_WARN_DOCUMENTATION_COMMENTS = YES;
				CLANG_WARN_EMPTY_BODY = YES;
				CLANG_WARN_ENUM_CONVERSION = YES;
				CLANG_WARN_INFINITE_RECURSION = YES;
				CLANG_WARN_INT_CONVERSION = YES;
				CLANG_WARN_OBJC_ROOT_CLASS = YES_ERROR;
				CLANG_WARN_SUSPICIOUS_MOVE = YES;
				CLANG_WARN_UNREACHABLE_CODE = YES;
				CLANG_WARN__DUPLICATE_METHOD_MATCH = YES;
				"CODE_SIGN_IDENTITY[sdk=iphoneos*]" = "iPhone Developer";
				COPY_PHASE_STRIP = NO;
				DEBUG_INFORMATION_FORMAT = "dwarf-with-dsym";
				ENABLE_NS_ASSERTIONS = NO;
				ENABLE_STRICT_OBJC_MSGSEND = YES;
				GCC_C_LANGUAGE_STANDARD = gnu99;
				GCC_NO_COMMON_BLOCKS = YES;
				GCC_WARN_64_TO_32_BIT_CONVERSION = YES;
				GCC_WARN_ABOUT_RETURN_TYPE = YES_ERROR;
				GCC_WARN_UNDECLARED_SELECTOR = YES;
				GCC_WARN_UNINITIALIZED_AUTOS = YES_AGGRESSIVE;
				GCC_WARN_UNUSED_FUNCTION = YES;
				GCC_WARN_UNUSED_VARIABLE = YES;
				IPHONEOS_DEPLOYMENT_TARGET = 10.2;
				MTL_ENABLE_DEBUG_INFO = NO;
				SDKROOT = iphoneos;
				TARGETED_DEVICE_FAMILY = "1,2";
				VALIDATE_PRODUCT = YES;
			};
			name = Release;
		};
		F85C14C61E52935000850090 /* Debug */ = {
			isa = XCBuildConfiguration;
			buildSettings = {
				ASSETCATALOG_COMPILER_APPICON_NAME = AppIcon;
				DEVELOPMENT_TEAM = WB4UU8P335;
				INFOPLIST_FILE = tableviewSwpTest/Info.plist;
				LD_RUNPATH_SEARCH_PATHS = "$(inherited) @executable_path/Frameworks";
				PRODUCT_BUNDLE_IDENTIFIER = wsqfly.tableviewSwpTest;
				PRODUCT_NAME = "$(TARGET_NAME)";
			};
			name = Debug;
		};
		F85C14C71E52935000850090 /* Release */ = {
			isa = XCBuildConfiguration;
			buildSettings = {
				ASSETCATALOG_COMPILER_APPICON_NAME = AppIcon;
				DEVELOPMENT_TEAM = WB4UU8P335;
				INFOPLIST_FILE = tableviewSwpTest/Info.plist;
				LD_RUNPATH_SEARCH_PATHS = "$(inherited) @executable_path/Frameworks";
				PRODUCT_BUNDLE_IDENTIFIER = wsqfly.tableviewSwpTest;
				PRODUCT_NAME = "$(TARGET_NAME)";
			};
			name = Release;
		};
		F85C14C91E52935000850090 /* Debug */ = {
			isa = XCBuildConfiguration;
			buildSettings = {
				BUNDLE_LOADER = "$(TEST_HOST)";
				DEVELOPMENT_TEAM = WB4UU8P335;
				INFOPLIST_FILE = tableviewSwpTestTests/Info.plist;
				LD_RUNPATH_SEARCH_PATHS = "$(inherited) @executable_path/Frameworks @loader_path/Frameworks";
				PRODUCT_BUNDLE_IDENTIFIER = wsqfly.tableviewSwpTestTests;
				PRODUCT_NAME = "$(TARGET_NAME)";
				TEST_HOST = "$(BUILT_PRODUCTS_DIR)/tableviewSwpTest.app/tableviewSwpTest";
			};
			name = Debug;
		};
		F85C14CA1E52935000850090 /* Release */ = {
			isa = XCBuildConfiguration;
			buildSettings = {
				BUNDLE_LOADER = "$(TEST_HOST)";
				DEVELOPMENT_TEAM = WB4UU8P335;
				INFOPLIST_FILE = tableviewSwpTestTests/Info.plist;
				LD_RUNPATH_SEARCH_PATHS = "$(inherited) @executable_path/Frameworks @loader_path/Frameworks";
				PRODUCT_BUNDLE_IDENTIFIER = wsqfly.tableviewSwpTestTests;
				PRODUCT_NAME = "$(TARGET_NAME)";
				TEST_HOST = "$(BUILT_PRODUCTS_DIR)/tableviewSwpTest.app/tableviewSwpTest";
			};
			name = Release;
		};
		F85C14CC1E52935000850090 /* Debug */ = {
			isa = XCBuildConfiguration;
			buildSettings = {
				DEVELOPMENT_TEAM = WB4UU8P335;
				INFOPLIST_FILE = tableviewSwpTestUITests/Info.plist;
				LD_RUNPATH_SEARCH_PATHS = "$(inherited) @executable_path/Frameworks @loader_path/Frameworks";
				PRODUCT_BUNDLE_IDENTIFIER = wsqfly.tableviewSwpTestUITests;
				PRODUCT_NAME = "$(TARGET_NAME)";
				TEST_TARGET_NAME = tableviewSwpTest;
			};
			name = Debug;
		};
		F85C14CD1E52935000850090 /* Release */ = {
			isa = XCBuildConfiguration;
			buildSettings = {
				DEVELOPMENT_TEAM = WB4UU8P335;
				INFOPLIST_FILE = tableviewSwpTestUITests/Info.plist;
				LD_RUNPATH_SEARCH_PATHS = "$(inherited) @executable_path/Frameworks @loader_path/Frameworks";
				PRODUCT_BUNDLE_IDENTIFIER = wsqfly.tableviewSwpTestUITests;
				PRODUCT_NAME = "$(TARGET_NAME)";
				TEST_TARGET_NAME = tableviewSwpTest;
			};
			name = Release;
		};
/* End XCBuildConfiguration section */

/* Begin XCConfigurationList section */
		F85C14931E52934F00850090 /* Build configuration list for PBXProject "tableviewSwpTest" */ = {
			isa = XCConfigurationList;
			buildConfigurations = (
				F85C14C31E52935000850090 /* Debug */,
				F85C14C41E52935000850090 /* Release */,
			);
			defaultConfigurationIsVisible = 0;
			defaultConfigurationName = Release;
		};
		F85C14C51E52935000850090 /* Build configuration list for PBXNativeTarget "tableviewSwpTest" */ = {
			isa = XCConfigurationList;
			buildConfigurations = (
				F85C14C61E52935000850090 /* Debug */,
				F85C14C71E52935000850090 /* Release */,
			);
			defaultConfigurationIsVisible = 0;
			defaultConfigurationName = Release;
		};
		F85C14C81E52935000850090 /* Build configuration list for PBXNativeTarget "tableviewSwpTestTests" */ = {
			isa = XCConfigurationList;
			buildConfigurations = (
				F85C14C91E52935000850090 /* Debug */,
				F85C14CA1E52935000850090 /* Release */,
			);
			defaultConfigurationIsVisible = 0;
			defaultConfigurationName = Release;
		};
		F85C14CB1E52935000850090 /* Build configuration list for PBXNativeTarget "tableviewSwpTestUITests" */ = {
			isa = XCConfigurationList;
			buildConfigurations = (
				F85C14CC1E52935000850090 /* Debug */,
				F85C14CD1E52935000850090 /* Release */,
			);
			defaultConfigurationIsVisible = 0;
			defaultConfigurationName = Release;
		};
/* End XCConfigurationList section */
	};
	rootObject = F85C14901E52934F00850090 /* Project object */;
}
